// !$*UTF8*$!
{
	archiveVersion = 1;
	classes = {
	};
	objectVersion = 56;
	objects = {

/* Begin PBXBuildFile section */
		3587080F2B0920DE00E6512E /* Step2Cell.swift in Sources */ = {isa = PBXBuildFile; fileRef = 3587080E2B0920DE00E6512E /* Step2Cell.swift */; };
		358708112B09266900E6512E /* ModelsTemplate.swift in Sources */ = {isa = PBXBuildFile; fileRef = 358708102B09266900E6512E /* ModelsTemplate.swift */; };
		358708162B0945F400E6512E /* NewTemplateStep3ViewController.swift in Sources */ = {isa = PBXBuildFile; fileRef = 358708152B0945F400E6512E /* NewTemplateStep3ViewController.swift */; };
		358708182B0946E400E6512E /* Step3Cell.swift in Sources */ = {isa = PBXBuildFile; fileRef = 358708172B0946E400E6512E /* Step3Cell.swift */; };
		3587081A2B095BC700E6512E /* NewTemplateStep4ViewController.swift in Sources */ = {isa = PBXBuildFile; fileRef = 358708192B095BC700E6512E /* NewTemplateStep4ViewController.swift */; };
		3587081D2B095CA200E6512E /* Step4Cell.swift in Sources */ = {isa = PBXBuildFile; fileRef = 3587081C2B095CA200E6512E /* Step4Cell.swift */; };
		358708202B09617100E6512E /* NewTemplateStep5ViewController.swift in Sources */ = {isa = PBXBuildFile; fileRef = 3587081F2B09617100E6512E /* NewTemplateStep5ViewController.swift */; };
		358708232B0962E600E6512E /* NewTemplateStep6ViewController.swift in Sources */ = {isa = PBXBuildFile; fileRef = 358708222B0962E600E6512E /* NewTemplateStep6ViewController.swift */; };
		358708252B09680400E6512E /* Step6Cell.swift in Sources */ = {isa = PBXBuildFile; fileRef = 358708242B09680400E6512E /* Step6Cell.swift */; };
		358708272B09693D00E6512E /* Step6CellModel.swift in Sources */ = {isa = PBXBuildFile; fileRef = 358708262B09693D00E6512E /* Step6CellModel.swift */; };
		3587082A2B09773D00E6512E /* ReadyTemplateStep1ViewController.swift in Sources */ = {isa = PBXBuildFile; fileRef = 358708292B09773D00E6512E /* ReadyTemplateStep1ViewController.swift */; };
		3587082D2B09786A00E6512E /* ReadyTemplateStep1Cell.swift in Sources */ = {isa = PBXBuildFile; fileRef = 3587082C2B09786A00E6512E /* ReadyTemplateStep1Cell.swift */; };
		3587082F2B0978C500E6512E /* ReadyTemplateStep1Model.swift in Sources */ = {isa = PBXBuildFile; fileRef = 3587082E2B0978C500E6512E /* ReadyTemplateStep1Model.swift */; };
		358708312B09E42500E6512E /* MainTabBar2ViewController.swift in Sources */ = {isa = PBXBuildFile; fileRef = 358708302B09E42500E6512E /* MainTabBar2ViewController.swift */; };
		358708342B09E4B800E6512E /* TaskMechanicViewController.swift in Sources */ = {isa = PBXBuildFile; fileRef = 358708332B09E4B800E6512E /* TaskMechanicViewController.swift */; };
		358708362B09E4D700E6512E /* ProfileMechanicViewController.swift in Sources */ = {isa = PBXBuildFile; fileRef = 358708352B09E4D700E6512E /* ProfileMechanicViewController.swift */; };
		3587083C2B09E9E800E6512E /* TaskView.swift in Sources */ = {isa = PBXBuildFile; fileRef = 3587083B2B09E9E800E6512E /* TaskView.swift */; };
		3587083E2B09FC6F00E6512E /* TaskStep1Cell.swift in Sources */ = {isa = PBXBuildFile; fileRef = 3587083D2B09FC6F00E6512E /* TaskStep1Cell.swift */; };
		358708402B0A069700E6512E /* TaskStep2View.swift in Sources */ = {isa = PBXBuildFile; fileRef = 3587083F2B0A069700E6512E /* TaskStep2View.swift */; };
		358708422B0A214300E6512E /* ReadyTemplateStep2ViewController.swift in Sources */ = {isa = PBXBuildFile; fileRef = 358708412B0A214300E6512E /* ReadyTemplateStep2ViewController.swift */; };
		35D4BDB72B07DAED000CE117 /* AppDelegate.swift in Sources */ = {isa = PBXBuildFile; fileRef = 35D4BDB62B07DAED000CE117 /* AppDelegate.swift */; };
		35D4BDB92B07DAED000CE117 /* SceneDelegate.swift in Sources */ = {isa = PBXBuildFile; fileRef = 35D4BDB82B07DAED000CE117 /* SceneDelegate.swift */; };
		35D4BDBB2B07DAED000CE117 /* ViewController.swift in Sources */ = {isa = PBXBuildFile; fileRef = 35D4BDBA2B07DAED000CE117 /* ViewController.swift */; };
		35D4BDBE2B07DAED000CE117 /* Main.storyboard in Resources */ = {isa = PBXBuildFile; fileRef = 35D4BDBC2B07DAED000CE117 /* Main.storyboard */; };
		35D4BDC02B07DAF0000CE117 /* Assets.xcassets in Resources */ = {isa = PBXBuildFile; fileRef = 35D4BDBF2B07DAF0000CE117 /* Assets.xcassets */; };
		35D4BDC32B07DAF0000CE117 /* LaunchScreen.storyboard in Resources */ = {isa = PBXBuildFile; fileRef = 35D4BDC12B07DAF0000CE117 /* LaunchScreen.storyboard */; };
		35D4BDCC2B07DC7F000CE117 /* NFCUtility.swift in Sources */ = {isa = PBXBuildFile; fileRef = 35D4BDCB2B07DC7F000CE117 /* NFCUtility.swift */; };
		35D4BDD12B0802DF000CE117 /* MainTabBarViewController.swift in Sources */ = {isa = PBXBuildFile; fileRef = 35D4BDD02B0802DF000CE117 /* MainTabBarViewController.swift */; };
		35D4BDD32B08032F000CE117 /* MainViewController.swift in Sources */ = {isa = PBXBuildFile; fileRef = 35D4BDD22B08032F000CE117 /* MainViewController.swift */; };
		35D4BDD62B080ADC000CE117 /* Models.swift in Sources */ = {isa = PBXBuildFile; fileRef = 35D4BDD52B080ADC000CE117 /* Models.swift */; };
		35D4BDDA2B080B37000CE117 /* MainCell.swift in Sources */ = {isa = PBXBuildFile; fileRef = 35D4BDD92B080B37000CE117 /* MainCell.swift */; };
		35D4BDDC2B08305F000CE117 /* MachineOperatorsViewController.swift in Sources */ = {isa = PBXBuildFile; fileRef = 35D4BDDB2B08305F000CE117 /* MachineOperatorsViewController.swift */; };
		35D4BDDE2B08306D000CE117 /* CarsViewController.swift in Sources */ = {isa = PBXBuildFile; fileRef = 35D4BDDD2B08306D000CE117 /* CarsViewController.swift */; };
		35D4BDE02B08307E000CE117 /* ProfileViewController.swift in Sources */ = {isa = PBXBuildFile; fileRef = 35D4BDDF2B08307E000CE117 /* ProfileViewController.swift */; };
		35D4BDE42B08C5D7000CE117 /* MachineOperatorsCell.swift in Sources */ = {isa = PBXBuildFile; fileRef = 35D4BDE32B08C5D7000CE117 /* MachineOperatorsCell.swift */; };
		35D4BDE62B08C614000CE117 /* FioView.swift in Sources */ = {isa = PBXBuildFile; fileRef = 35D4BDE52B08C614000CE117 /* FioView.swift */; };
		35D4BDE82B08C80E000CE117 /* MachineOperatorsModels.swift in Sources */ = {isa = PBXBuildFile; fileRef = 35D4BDE72B08C80E000CE117 /* MachineOperatorsModels.swift */; };
		35D4BDEA2B08D5C2000CE117 /* FioStatusView.swift in Sources */ = {isa = PBXBuildFile; fileRef = 35D4BDE92B08D5C2000CE117 /* FioStatusView.swift */; };
		35D4BDEC2B08DA29000CE117 /* MachineOperatorsDescriptionView.swift in Sources */ = {isa = PBXBuildFile; fileRef = 35D4BDEB2B08DA29000CE117 /* MachineOperatorsDescriptionView.swift */; };
		35D4BDF52B08FBC6000CE117 /* NewTemplateViewController.swift in Sources */ = {isa = PBXBuildFile; fileRef = 35D4BDF42B08FBC6000CE117 /* NewTemplateViewController.swift */; };
		35D4BDF72B090FB5000CE117 /* NewTemplateStep2ViewController.swift in Sources */ = {isa = PBXBuildFile; fileRef = 35D4BDF62B090FB5000CE117 /* NewTemplateStep2ViewController.swift */; };
		35D4BDF92B091FA2000CE117 /* Button+extension.swift in Sources */ = {isa = PBXBuildFile; fileRef = 35D4BDF82B091FA2000CE117 /* Button+extension.swift */; };
		8C7BD89CF37F3B19EB6E7F8B /* Pods_Agricoders.framework in Frameworks */ = {isa = PBXBuildFile; fileRef = 95675487188D485D95AE89FC /* Pods_Agricoders.framework */; };
/* End PBXBuildFile section */

/* Begin PBXFileReference section */
		2EE1E1895DECD55011CECA2E /* Pods-Agricoders.debug.xcconfig */ = {isa = PBXFileReference; includeInIndex = 1; lastKnownFileType = text.xcconfig; name = "Pods-Agricoders.debug.xcconfig"; path = "Target Support Files/Pods-Agricoders/Pods-Agricoders.debug.xcconfig"; sourceTree = "<group>"; };
		3587080E2B0920DE00E6512E /* Step2Cell.swift */ = {isa = PBXFileReference; lastKnownFileType = sourcecode.swift; path = Step2Cell.swift; sourceTree = "<group>"; };
		358708102B09266900E6512E /* ModelsTemplate.swift */ = {isa = PBXFileReference; lastKnownFileType = sourcecode.swift; path = ModelsTemplate.swift; sourceTree = "<group>"; };
		358708152B0945F400E6512E /* NewTemplateStep3ViewController.swift */ = {isa = PBXFileReference; fileEncoding = 4; lastKnownFileType = sourcecode.swift; path = NewTemplateStep3ViewController.swift; sourceTree = "<group>"; };
		358708172B0946E400E6512E /* Step3Cell.swift */ = {isa = PBXFileReference; fileEncoding = 4; lastKnownFileType = sourcecode.swift; path = Step3Cell.swift; sourceTree = "<group>"; };
		358708192B095BC700E6512E /* NewTemplateStep4ViewController.swift */ = {isa = PBXFileReference; fileEncoding = 4; lastKnownFileType = sourcecode.swift; path = NewTemplateStep4ViewController.swift; sourceTree = "<group>"; };
		3587081C2B095CA200E6512E /* Step4Cell.swift */ = {isa = PBXFileReference; fileEncoding = 4; lastKnownFileType = sourcecode.swift; path = Step4Cell.swift; sourceTree = "<group>"; };
		3587081F2B09617100E6512E /* NewTemplateStep5ViewController.swift */ = {isa = PBXFileReference; fileEncoding = 4; lastKnownFileType = sourcecode.swift; path = NewTemplateStep5ViewController.swift; sourceTree = "<group>"; };
		358708222B0962E600E6512E /* NewTemplateStep6ViewController.swift */ = {isa = PBXFileReference; fileEncoding = 4; lastKnownFileType = sourcecode.swift; path = NewTemplateStep6ViewController.swift; sourceTree = "<group>"; };
		358708242B09680400E6512E /* Step6Cell.swift */ = {isa = PBXFileReference; fileEncoding = 4; lastKnownFileType = sourcecode.swift; path = Step6Cell.swift; sourceTree = "<group>"; };
		358708262B09693D00E6512E /* Step6CellModel.swift */ = {isa = PBXFileReference; lastKnownFileType = sourcecode.swift; path = Step6CellModel.swift; sourceTree = "<group>"; };
		358708292B09773D00E6512E /* ReadyTemplateStep1ViewController.swift */ = {isa = PBXFileReference; fileEncoding = 4; lastKnownFileType = sourcecode.swift; path = ReadyTemplateStep1ViewController.swift; sourceTree = "<group>"; };
		3587082C2B09786A00E6512E /* ReadyTemplateStep1Cell.swift */ = {isa = PBXFileReference; fileEncoding = 4; lastKnownFileType = sourcecode.swift; path = ReadyTemplateStep1Cell.swift; sourceTree = "<group>"; };
		3587082E2B0978C500E6512E /* ReadyTemplateStep1Model.swift */ = {isa = PBXFileReference; lastKnownFileType = sourcecode.swift; path = ReadyTemplateStep1Model.swift; sourceTree = "<group>"; };
		358708302B09E42500E6512E /* MainTabBar2ViewController.swift */ = {isa = PBXFileReference; fileEncoding = 4; lastKnownFileType = sourcecode.swift; path = MainTabBar2ViewController.swift; sourceTree = "<group>"; };
		358708332B09E4B800E6512E /* TaskMechanicViewController.swift */ = {isa = PBXFileReference; fileEncoding = 4; lastKnownFileType = sourcecode.swift; path = TaskMechanicViewController.swift; sourceTree = "<group>"; };
		358708352B09E4D700E6512E /* ProfileMechanicViewController.swift */ = {isa = PBXFileReference; fileEncoding = 4; lastKnownFileType = sourcecode.swift; path = ProfileMechanicViewController.swift; sourceTree = "<group>"; };
		3587083B2B09E9E800E6512E /* TaskView.swift */ = {isa = PBXFileReference; fileEncoding = 4; lastKnownFileType = sourcecode.swift; path = TaskView.swift; sourceTree = "<group>"; };
		3587083D2B09FC6F00E6512E /* TaskStep1Cell.swift */ = {isa = PBXFileReference; fileEncoding = 4; lastKnownFileType = sourcecode.swift; path = TaskStep1Cell.swift; sourceTree = "<group>"; };
		3587083F2B0A069700E6512E /* TaskStep2View.swift */ = {isa = PBXFileReference; fileEncoding = 4; lastKnownFileType = sourcecode.swift; path = TaskStep2View.swift; sourceTree = "<group>"; };
		358708412B0A214300E6512E /* ReadyTemplateStep2ViewController.swift */ = {isa = PBXFileReference; fileEncoding = 4; lastKnownFileType = sourcecode.swift; path = ReadyTemplateStep2ViewController.swift; sourceTree = "<group>"; };
		35D4BDB32B07DAED000CE117 /* Agricoders.app */ = {isa = PBXFileReference; explicitFileType = wrapper.application; includeInIndex = 0; path = Agricoders.app; sourceTree = BUILT_PRODUCTS_DIR; };
		35D4BDB62B07DAED000CE117 /* AppDelegate.swift */ = {isa = PBXFileReference; lastKnownFileType = sourcecode.swift; path = AppDelegate.swift; sourceTree = "<group>"; };
		35D4BDB82B07DAED000CE117 /* SceneDelegate.swift */ = {isa = PBXFileReference; lastKnownFileType = sourcecode.swift; path = SceneDelegate.swift; sourceTree = "<group>"; };
		35D4BDBA2B07DAED000CE117 /* ViewController.swift */ = {isa = PBXFileReference; lastKnownFileType = sourcecode.swift; path = ViewController.swift; sourceTree = "<group>"; };
		35D4BDBD2B07DAED000CE117 /* Base */ = {isa = PBXFileReference; lastKnownFileType = file.storyboard; name = Base; path = Base.lproj/Main.storyboard; sourceTree = "<group>"; };
		35D4BDBF2B07DAF0000CE117 /* Assets.xcassets */ = {isa = PBXFileReference; lastKnownFileType = folder.assetcatalog; path = Assets.xcassets; sourceTree = "<group>"; };
		35D4BDC22B07DAF0000CE117 /* Base */ = {isa = PBXFileReference; lastKnownFileType = file.storyboard; name = Base; path = Base.lproj/LaunchScreen.storyboard; sourceTree = "<group>"; };
		35D4BDC42B07DAF0000CE117 /* Info.plist */ = {isa = PBXFileReference; lastKnownFileType = text.plist.xml; path = Info.plist; sourceTree = "<group>"; };
		35D4BDCB2B07DC7F000CE117 /* NFCUtility.swift */ = {isa = PBXFileReference; lastKnownFileType = sourcecode.swift; path = NFCUtility.swift; sourceTree = "<group>"; };
		35D4BDD02B0802DF000CE117 /* MainTabBarViewController.swift */ = {isa = PBXFileReference; lastKnownFileType = sourcecode.swift; path = MainTabBarViewController.swift; sourceTree = "<group>"; };
		35D4BDD22B08032F000CE117 /* MainViewController.swift */ = {isa = PBXFileReference; lastKnownFileType = sourcecode.swift; path = MainViewController.swift; sourceTree = "<group>"; };
		35D4BDD52B080ADC000CE117 /* Models.swift */ = {isa = PBXFileReference; lastKnownFileType = sourcecode.swift; path = Models.swift; sourceTree = "<group>"; };
		35D4BDD92B080B37000CE117 /* MainCell.swift */ = {isa = PBXFileReference; lastKnownFileType = sourcecode.swift; path = MainCell.swift; sourceTree = "<group>"; };
		35D4BDDB2B08305F000CE117 /* MachineOperatorsViewController.swift */ = {isa = PBXFileReference; lastKnownFileType = sourcecode.swift; path = MachineOperatorsViewController.swift; sourceTree = "<group>"; };
		35D4BDDD2B08306D000CE117 /* CarsViewController.swift */ = {isa = PBXFileReference; lastKnownFileType = sourcecode.swift; path = CarsViewController.swift; sourceTree = "<group>"; };
		35D4BDDF2B08307E000CE117 /* ProfileViewController.swift */ = {isa = PBXFileReference; lastKnownFileType = sourcecode.swift; path = ProfileViewController.swift; sourceTree = "<group>"; };
		35D4BDE32B08C5D7000CE117 /* MachineOperatorsCell.swift */ = {isa = PBXFileReference; fileEncoding = 4; lastKnownFileType = sourcecode.swift; path = MachineOperatorsCell.swift; sourceTree = "<group>"; };
		35D4BDE52B08C614000CE117 /* FioView.swift */ = {isa = PBXFileReference; lastKnownFileType = sourcecode.swift; path = FioView.swift; sourceTree = "<group>"; };
		35D4BDE72B08C80E000CE117 /* MachineOperatorsModels.swift */ = {isa = PBXFileReference; fileEncoding = 4; lastKnownFileType = sourcecode.swift; path = MachineOperatorsModels.swift; sourceTree = "<group>"; };
		35D4BDE92B08D5C2000CE117 /* FioStatusView.swift */ = {isa = PBXFileReference; fileEncoding = 4; lastKnownFileType = sourcecode.swift; path = FioStatusView.swift; sourceTree = "<group>"; };
		35D4BDEB2B08DA29000CE117 /* MachineOperatorsDescriptionView.swift */ = {isa = PBXFileReference; fileEncoding = 4; lastKnownFileType = sourcecode.swift; path = MachineOperatorsDescriptionView.swift; sourceTree = "<group>"; };
		35D4BDF42B08FBC6000CE117 /* NewTemplateViewController.swift */ = {isa = PBXFileReference; fileEncoding = 4; lastKnownFileType = sourcecode.swift; path = NewTemplateViewController.swift; sourceTree = "<group>"; };
		35D4BDF62B090FB5000CE117 /* NewTemplateStep2ViewController.swift */ = {isa = PBXFileReference; fileEncoding = 4; lastKnownFileType = sourcecode.swift; path = NewTemplateStep2ViewController.swift; sourceTree = "<group>"; };
		35D4BDF82B091FA2000CE117 /* Button+extension.swift */ = {isa = PBXFileReference; lastKnownFileType = sourcecode.swift; path = "Button+extension.swift"; sourceTree = "<group>"; };
		95675487188D485D95AE89FC /* Pods_Agricoders.framework */ = {isa = PBXFileReference; explicitFileType = wrapper.framework; includeInIndex = 0; path = Pods_Agricoders.framework; sourceTree = BUILT_PRODUCTS_DIR; };
		BA1A1A8EE2C6DA333A997F5A /* Pods-Agricoders.release.xcconfig */ = {isa = PBXFileReference; includeInIndex = 1; lastKnownFileType = text.xcconfig; name = "Pods-Agricoders.release.xcconfig"; path = "Target Support Files/Pods-Agricoders/Pods-Agricoders.release.xcconfig"; sourceTree = "<group>"; };
/* End PBXFileReference section */

/* Begin PBXFrameworksBuildPhase section */
		35D4BDB02B07DAED000CE117 /* Frameworks */ = {
			isa = PBXFrameworksBuildPhase;
			buildActionMask = 2147483647;
			files = (
				8C7BD89CF37F3B19EB6E7F8B /* Pods_Agricoders.framework in Frameworks */,
			);
			runOnlyForDeploymentPostprocessing = 0;
		};
/* End PBXFrameworksBuildPhase section */

/* Begin PBXGroup section */
		358708122B09277300E6512E /* Step1 */ = {
			isa = PBXGroup;
			children = (
				35D4BDF42B08FBC6000CE117 /* NewTemplateViewController.swift */,
			);
			path = Step1;
			sourceTree = "<group>";
		};
		358708132B09277F00E6512E /* Step2 */ = {
			isa = PBXGroup;
			children = (
				358708102B09266900E6512E /* ModelsTemplate.swift */,
				3587080E2B0920DE00E6512E /* Step2Cell.swift */,
				35D4BDF62B090FB5000CE117 /* NewTemplateStep2ViewController.swift */,
			);
			path = Step2;
			sourceTree = "<group>";
		};
		358708142B0945E400E6512E /* Step3 */ = {
			isa = PBXGroup;
			children = (
				358708152B0945F400E6512E /* NewTemplateStep3ViewController.swift */,
				358708172B0946E400E6512E /* Step3Cell.swift */,
			);
			path = Step3;
			sourceTree = "<group>";
		};
		3587081B2B095BCB00E6512E /* Step4 */ = {
			isa = PBXGroup;
			children = (
				358708192B095BC700E6512E /* NewTemplateStep4ViewController.swift */,
				3587081C2B095CA200E6512E /* Step4Cell.swift */,
			);
			path = Step4;
			sourceTree = "<group>";
		};
		3587081E2B09614700E6512E /* Step5 */ = {
			isa = PBXGroup;
			children = (
				3587081F2B09617100E6512E /* NewTemplateStep5ViewController.swift */,
			);
			path = Step5;
			sourceTree = "<group>";
		};
		358708212B0962DA00E6512E /* Step6 */ = {
			isa = PBXGroup;
			children = (
				358708222B0962E600E6512E /* NewTemplateStep6ViewController.swift */,
				358708242B09680400E6512E /* Step6Cell.swift */,
				358708262B09693D00E6512E /* Step6CellModel.swift */,
			);
			path = Step6;
			sourceTree = "<group>";
		};
		358708282B09770200E6512E /* ReadyTemplates */ = {
			isa = PBXGroup;
			children = (
				358708462B0A218D00E6512E /* Step2 */,
				3587082B2B09774400E6512E /* Step1 */,
			);
			path = ReadyTemplates;
			sourceTree = "<group>";
		};
		3587082B2B09774400E6512E /* Step1 */ = {
			isa = PBXGroup;
			children = (
				358708452B0A217E00E6512E /* Model */,
				358708442B0A217700E6512E /* Cell */,
				358708432B0A216500E6512E /* ViewController */,
			);
			path = Step1;
			sourceTree = "<group>";
		};
		358708322B09E48800E6512E /* Mechanic */ = {
			isa = PBXGroup;
			children = (
				358708372B09E4E700E6512E /* Modules */,
			);
			path = Mechanic;
			sourceTree = "<group>";
		};
		358708372B09E4E700E6512E /* Modules */ = {
			isa = PBXGroup;
			children = (
				358708392B09E4FC00E6512E /* Profile */,
				358708382B09E4F000E6512E /* Task */,
			);
			path = Modules;
			sourceTree = "<group>";
		};
		358708382B09E4F000E6512E /* Task */ = {
			isa = PBXGroup;
			children = (
				3587083A2B09E9CF00E6512E /* View */,
				358708332B09E4B800E6512E /* TaskMechanicViewController.swift */,
			);
			path = Task;
			sourceTree = "<group>";
		};
		358708392B09E4FC00E6512E /* Profile */ = {
			isa = PBXGroup;
			children = (
				358708352B09E4D700E6512E /* ProfileMechanicViewController.swift */,
			);
			path = Profile;
			sourceTree = "<group>";
		};
		3587083A2B09E9CF00E6512E /* View */ = {
			isa = PBXGroup;
			children = (
				3587083D2B09FC6F00E6512E /* TaskStep1Cell.swift */,
				3587083B2B09E9E800E6512E /* TaskView.swift */,
				3587083F2B0A069700E6512E /* TaskStep2View.swift */,
			);
			path = View;
			sourceTree = "<group>";
		};
		358708432B0A216500E6512E /* ViewController */ = {
			isa = PBXGroup;
			children = (
				358708292B09773D00E6512E /* ReadyTemplateStep1ViewController.swift */,
			);
			path = ViewController;
			sourceTree = "<group>";
		};
		358708442B0A217700E6512E /* Cell */ = {
			isa = PBXGroup;
			children = (
				3587082C2B09786A00E6512E /* ReadyTemplateStep1Cell.swift */,
			);
			path = Cell;
			sourceTree = "<group>";
		};
		358708452B0A217E00E6512E /* Model */ = {
			isa = PBXGroup;
			children = (
				3587082E2B0978C500E6512E /* ReadyTemplateStep1Model.swift */,
			);
			path = Model;
			sourceTree = "<group>";
		};
		358708462B0A218D00E6512E /* Step2 */ = {
			isa = PBXGroup;
			children = (
				358708412B0A214300E6512E /* ReadyTemplateStep2ViewController.swift */,
			);
			path = Step2;
			sourceTree = "<group>";
		};
		35D4BDAA2B07DAED000CE117 = {
			isa = PBXGroup;
			children = (
				35D4BDB52B07DAED000CE117 /* Agricoders */,
				35D4BDB42B07DAED000CE117 /* Products */,
				D963D268C69BD5EEC25907DE /* Pods */,
				471EB9F9B0C3D447F9F91100 /* Frameworks */,
			);
			sourceTree = "<group>";
		};
		35D4BDB42B07DAED000CE117 /* Products */ = {
			isa = PBXGroup;
			children = (
				35D4BDB32B07DAED000CE117 /* Agricoders.app */,
			);
			name = Products;
			sourceTree = "<group>";
		};
		35D4BDB52B07DAED000CE117 /* Agricoders */ = {
			isa = PBXGroup;
			children = (
				358708322B09E48800E6512E /* Mechanic */,
				358708282B09770200E6512E /* ReadyTemplates */,
				35D4BDF32B08FBB0000CE117 /* CreateTempate */,
				35D4BDEE2B08E27E000CE117 /* CustomView */,
				35D4BDEF2B08FB54000CE117 /* MachineOperatorsView */,
				35D4BDD72B080AED000CE117 /* MainView */,
				35D4BDD42B080ACB000CE117 /* Models */,
				35D4BDCF2B0802B9000CE117 /* TabBar */,
				35D4BDB62B07DAED000CE117 /* AppDelegate.swift */,
				35D4BDB82B07DAED000CE117 /* SceneDelegate.swift */,
				35D4BDBA2B07DAED000CE117 /* ViewController.swift */,
				35D4BDCA2B07DC72000CE117 /* Helpers */,
				35D4BDBC2B07DAED000CE117 /* Main.storyboard */,
				35D4BDBF2B07DAF0000CE117 /* Assets.xcassets */,
				35D4BDC12B07DAF0000CE117 /* LaunchScreen.storyboard */,
				35D4BDC42B07DAF0000CE117 /* Info.plist */,
			);
			path = Agricoders;
			sourceTree = "<group>";
		};
		35D4BDCA2B07DC72000CE117 /* Helpers */ = {
			isa = PBXGroup;
			children = (
				35D4BDCB2B07DC7F000CE117 /* NFCUtility.swift */,
			);
			path = Helpers;
			sourceTree = "<group>";
		};
		35D4BDCF2B0802B9000CE117 /* TabBar */ = {
			isa = PBXGroup;
			children = (
				35D4BDD02B0802DF000CE117 /* MainTabBarViewController.swift */,
				358708302B09E42500E6512E /* MainTabBar2ViewController.swift */,
			);
			path = TabBar;
			sourceTree = "<group>";
		};
		35D4BDD42B080ACB000CE117 /* Models */ = {
			isa = PBXGroup;
			children = (
				35D4BDD52B080ADC000CE117 /* Models.swift */,
			);
			path = Models;
			sourceTree = "<group>";
		};
		35D4BDD72B080AED000CE117 /* MainView */ = {
			isa = PBXGroup;
			children = (
				35D4BDF22B08FB82000CE117 /* ViewController */,
				35D4BDD82B080B2C000CE117 /* MainCell */,
				35D4BDDD2B08306D000CE117 /* CarsViewController.swift */,
				35D4BDDF2B08307E000CE117 /* ProfileViewController.swift */,
			);
			path = MainView;
			sourceTree = "<group>";
		};
		35D4BDD82B080B2C000CE117 /* MainCell */ = {
			isa = PBXGroup;
			children = (
				35D4BDD92B080B37000CE117 /* MainCell.swift */,
			);
			path = MainCell;
			sourceTree = "<group>";
		};
		35D4BDED2B08E26A000CE117 /* MachineOperatorsCell */ = {
			isa = PBXGroup;
			children = (
				35D4BDE32B08C5D7000CE117 /* MachineOperatorsCell.swift */,
				35D4BDEB2B08DA29000CE117 /* MachineOperatorsDescriptionView.swift */,
			);
			path = MachineOperatorsCell;
			sourceTree = "<group>";
		};
		35D4BDEE2B08E27E000CE117 /* CustomView */ = {
			isa = PBXGroup;
			children = (
				35D4BDE52B08C614000CE117 /* FioView.swift */,
				35D4BDF82B091FA2000CE117 /* Button+extension.swift */,
				35D4BDE92B08D5C2000CE117 /* FioStatusView.swift */,
			);
			path = CustomView;
			sourceTree = "<group>";
		};
		35D4BDEF2B08FB54000CE117 /* MachineOperatorsView */ = {
			isa = PBXGroup;
			children = (
				35D4BDF12B08FB75000CE117 /* ViewController */,
				35D4BDF02B08FB67000CE117 /* Models */,
				35D4BDED2B08E26A000CE117 /* MachineOperatorsCell */,
			);
			path = MachineOperatorsView;
			sourceTree = "<group>";
		};
		35D4BDF02B08FB67000CE117 /* Models */ = {
			isa = PBXGroup;
			children = (
				35D4BDE72B08C80E000CE117 /* MachineOperatorsModels.swift */,
			);
			path = Models;
			sourceTree = "<group>";
		};
		35D4BDF12B08FB75000CE117 /* ViewController */ = {
			isa = PBXGroup;
			children = (
				35D4BDDB2B08305F000CE117 /* MachineOperatorsViewController.swift */,
			);
			path = ViewController;
			sourceTree = "<group>";
		};
		35D4BDF22B08FB82000CE117 /* ViewController */ = {
			isa = PBXGroup;
			children = (
				35D4BDD22B08032F000CE117 /* MainViewController.swift */,
			);
			path = ViewController;
			sourceTree = "<group>";
		};
		35D4BDF32B08FBB0000CE117 /* CreateTempate */ = {
			isa = PBXGroup;
			children = (
				358708212B0962DA00E6512E /* Step6 */,
				3587081E2B09614700E6512E /* Step5 */,
				3587081B2B095BCB00E6512E /* Step4 */,
				358708142B0945E400E6512E /* Step3 */,
				358708132B09277F00E6512E /* Step2 */,
				358708122B09277300E6512E /* Step1 */,
			);
			path = CreateTempate;
			sourceTree = "<group>";
		};
		471EB9F9B0C3D447F9F91100 /* Frameworks */ = {
			isa = PBXGroup;
			children = (
				95675487188D485D95AE89FC /* Pods_Agricoders.framework */,
			);
			name = Frameworks;
			sourceTree = "<group>";
		};
		D963D268C69BD5EEC25907DE /* Pods */ = {
			isa = PBXGroup;
			children = (
				2EE1E1895DECD55011CECA2E /* Pods-Agricoders.debug.xcconfig */,
				BA1A1A8EE2C6DA333A997F5A /* Pods-Agricoders.release.xcconfig */,
			);
			path = Pods;
			sourceTree = "<group>";
		};
/* End PBXGroup section */

/* Begin PBXNativeTarget section */
		35D4BDB22B07DAED000CE117 /* Agricoders */ = {
			isa = PBXNativeTarget;
			buildConfigurationList = 35D4BDC72B07DAF0000CE117 /* Build configuration list for PBXNativeTarget "Agricoders" */;
			buildPhases = (
				700225B6A9DA30C765ED6DA0 /* [CP] Check Pods Manifest.lock */,
				35D4BDAF2B07DAED000CE117 /* Sources */,
				35D4BDB02B07DAED000CE117 /* Frameworks */,
				35D4BDB12B07DAED000CE117 /* Resources */,
				7095C45C636774ABA2259331 /* [CP] Embed Pods Frameworks */,
			);
			buildRules = (
			);
			dependencies = (
			);
			name = Agricoders;
			productName = Agricoders;
			productReference = 35D4BDB32B07DAED000CE117 /* Agricoders.app */;
			productType = "com.apple.product-type.application";
		};
/* End PBXNativeTarget section */

/* Begin PBXProject section */
		35D4BDAB2B07DAED000CE117 /* Project object */ = {
			isa = PBXProject;
			attributes = {
				BuildIndependentTargetsInParallel = 1;
				LastSwiftUpdateCheck = 1500;
				LastUpgradeCheck = 1500;
				TargetAttributes = {
					35D4BDB22B07DAED000CE117 = {
						CreatedOnToolsVersion = 15.0;
					};
				};
			};
			buildConfigurationList = 35D4BDAE2B07DAED000CE117 /* Build configuration list for PBXProject "Agricoders" */;
			compatibilityVersion = "Xcode 14.0";
			developmentRegion = en;
			hasScannedForEncodings = 0;
			knownRegions = (
				en,
				Base,
			);
			mainGroup = 35D4BDAA2B07DAED000CE117;
			productRefGroup = 35D4BDB42B07DAED000CE117 /* Products */;
			projectDirPath = "";
			projectRoot = "";
			targets = (
				35D4BDB22B07DAED000CE117 /* Agricoders */,
			);
		};
/* End PBXProject section */

/* Begin PBXResourcesBuildPhase section */
		35D4BDB12B07DAED000CE117 /* Resources */ = {
			isa = PBXResourcesBuildPhase;
			buildActionMask = 2147483647;
			files = (
				35D4BDC32B07DAF0000CE117 /* LaunchScreen.storyboard in Resources */,
				35D4BDC02B07DAF0000CE117 /* Assets.xcassets in Resources */,
				35D4BDBE2B07DAED000CE117 /* Main.storyboard in Resources */,
			);
			runOnlyForDeploymentPostprocessing = 0;
		};
/* End PBXResourcesBuildPhase section */

/* Begin PBXShellScriptBuildPhase section */
		700225B6A9DA30C765ED6DA0 /* [CP] Check Pods Manifest.lock */ = {
			isa = PBXShellScriptBuildPhase;
			buildActionMask = 2147483647;
			files = (
			);
			inputFileListPaths = (
			);
			inputPaths = (
				"${PODS_PODFILE_DIR_PATH}/Podfile.lock",
				"${PODS_ROOT}/Manifest.lock",
			);
			name = "[CP] Check Pods Manifest.lock";
			outputFileListPaths = (
			);
			outputPaths = (
				"$(DERIVED_FILE_DIR)/Pods-Agricoders-checkManifestLockResult.txt",
			);
			runOnlyForDeploymentPostprocessing = 0;
			shellPath = /bin/sh;
			shellScript = "diff \"${PODS_PODFILE_DIR_PATH}/Podfile.lock\" \"${PODS_ROOT}/Manifest.lock\" > /dev/null\nif [ $? != 0 ] ; then\n    # print error to STDERR\n    echo \"error: The sandbox is not in sync with the Podfile.lock. Run 'pod install' or update your CocoaPods installation.\" >&2\n    exit 1\nfi\n# This output is used by Xcode 'outputs' to avoid re-running this script phase.\necho \"SUCCESS\" > \"${SCRIPT_OUTPUT_FILE_0}\"\n";
			showEnvVarsInLog = 0;
		};
		7095C45C636774ABA2259331 /* [CP] Embed Pods Frameworks */ = {
			isa = PBXShellScriptBuildPhase;
			buildActionMask = 2147483647;
			files = (
			);
			inputFileListPaths = (
				"${PODS_ROOT}/Target Support Files/Pods-Agricoders/Pods-Agricoders-frameworks-${CONFIGURATION}-input-files.xcfilelist",
			);
			name = "[CP] Embed Pods Frameworks";
			outputFileListPaths = (
				"${PODS_ROOT}/Target Support Files/Pods-Agricoders/Pods-Agricoders-frameworks-${CONFIGURATION}-output-files.xcfilelist",
			);
			runOnlyForDeploymentPostprocessing = 0;
			shellPath = /bin/sh;
			shellScript = "\"${PODS_ROOT}/Target Support Files/Pods-Agricoders/Pods-Agricoders-frameworks.sh\"\n";
			showEnvVarsInLog = 0;
		};
/* End PBXShellScriptBuildPhase section */

/* Begin PBXSourcesBuildPhase section */
		35D4BDAF2B07DAED000CE117 /* Sources */ = {
			isa = PBXSourcesBuildPhase;
			buildActionMask = 2147483647;
			files = (
				358708252B09680400E6512E /* Step6Cell.swift in Sources */,
				35D4BDEA2B08D5C2000CE117 /* FioStatusView.swift in Sources */,
				35D4BDD12B0802DF000CE117 /* MainTabBarViewController.swift in Sources */,
				3587082D2B09786A00E6512E /* ReadyTemplateStep1Cell.swift in Sources */,
				35D4BDF52B08FBC6000CE117 /* NewTemplateViewController.swift in Sources */,
				35D4BDE62B08C614000CE117 /* FioView.swift in Sources */,
				3587081A2B095BC700E6512E /* NewTemplateStep4ViewController.swift in Sources */,
				3587082F2B0978C500E6512E /* ReadyTemplateStep1Model.swift in Sources */,
				35D4BDEC2B08DA29000CE117 /* MachineOperatorsDescriptionView.swift in Sources */,
				35D4BDE42B08C5D7000CE117 /* MachineOperatorsCell.swift in Sources */,
				3587082A2B09773D00E6512E /* ReadyTemplateStep1ViewController.swift in Sources */,
				35D4BDBB2B07DAED000CE117 /* ViewController.swift in Sources */,
				358708162B0945F400E6512E /* NewTemplateStep3ViewController.swift in Sources */,
				358708272B09693D00E6512E /* Step6CellModel.swift in Sources */,
				358708422B0A214300E6512E /* ReadyTemplateStep2ViewController.swift in Sources */,
				35D4BDDC2B08305F000CE117 /* MachineOperatorsViewController.swift in Sources */,
				35D4BDF92B091FA2000CE117 /* Button+extension.swift in Sources */,
				35D4BDB72B07DAED000CE117 /* AppDelegate.swift in Sources */,
				35D4BDD32B08032F000CE117 /* MainViewController.swift in Sources */,
				35D4BDF72B090FB5000CE117 /* NewTemplateStep2ViewController.swift in Sources */,
				35D4BDE82B08C80E000CE117 /* MachineOperatorsModels.swift in Sources */,
				35D4BDCC2B07DC7F000CE117 /* NFCUtility.swift in Sources */,
				358708312B09E42500E6512E /* MainTabBar2ViewController.swift in Sources */,
				35D4BDE02B08307E000CE117 /* ProfileViewController.swift in Sources */,
				3587081D2B095CA200E6512E /* Step4Cell.swift in Sources */,
				358708402B0A069700E6512E /* TaskStep2View.swift in Sources */,
				35D4BDB92B07DAED000CE117 /* SceneDelegate.swift in Sources */,
				358708182B0946E400E6512E /* Step3Cell.swift in Sources */,
				358708112B09266900E6512E /* ModelsTemplate.swift in Sources */,
				3587083E2B09FC6F00E6512E /* TaskStep1Cell.swift in Sources */,
				3587083C2B09E9E800E6512E /* TaskView.swift in Sources */,
				3587080F2B0920DE00E6512E /* Step2Cell.swift in Sources */,
				35D4BDDE2B08306D000CE117 /* CarsViewController.swift in Sources */,
				35D4BDDA2B080B37000CE117 /* MainCell.swift in Sources */,
				35D4BDD62B080ADC000CE117 /* Models.swift in Sources */,
				358708342B09E4B800E6512E /* TaskMechanicViewController.swift in Sources */,
				358708362B09E4D700E6512E /* ProfileMechanicViewController.swift in Sources */,
				358708202B09617100E6512E /* NewTemplateStep5ViewController.swift in Sources */,
				358708232B0962E600E6512E /* NewTemplateStep6ViewController.swift in Sources */,
			);
			runOnlyForDeploymentPostprocessing = 0;
		};
/* End PBXSourcesBuildPhase section */

/* Begin PBXVariantGroup section */
		35D4BDBC2B07DAED000CE117 /* Main.storyboard */ = {
			isa = PBXVariantGroup;
			children = (
				35D4BDBD2B07DAED000CE117 /* Base */,
			);
			name = Main.storyboard;
			sourceTree = "<group>";
		};
		35D4BDC12B07DAF0000CE117 /* LaunchScreen.storyboard */ = {
			isa = PBXVariantGroup;
			children = (
				35D4BDC22B07DAF0000CE117 /* Base */,
			);
			name = LaunchScreen.storyboard;
			sourceTree = "<group>";
		};
/* End PBXVariantGroup section */

/* Begin XCBuildConfiguration section */
		35D4BDC52B07DAF0000CE117 /* Debug */ = {
			isa = XCBuildConfiguration;
			buildSettings = {
				ALWAYS_SEARCH_USER_PATHS = NO;
				ASSETCATALOG_COMPILER_GENERATE_SWIFT_ASSET_SYMBOL_EXTENSIONS = YES;
				CLANG_ANALYZER_NONNULL = YES;
				CLANG_ANALYZER_NUMBER_OBJECT_CONVERSION = YES_AGGRESSIVE;
				CLANG_CXX_LANGUAGE_STANDARD = "gnu++20";
				CLANG_ENABLE_MODULES = YES;
				CLANG_ENABLE_OBJC_ARC = YES;
				CLANG_ENABLE_OBJC_WEAK = YES;
				CLANG_WARN_BLOCK_CAPTURE_AUTORELEASING = YES;
				CLANG_WARN_BOOL_CONVERSION = YES;
				CLANG_WARN_COMMA = YES;
				CLANG_WARN_CONSTANT_CONVERSION = YES;
				CLANG_WARN_DEPRECATED_OBJC_IMPLEMENTATIONS = YES;
				CLANG_WARN_DIRECT_OBJC_ISA_USAGE = YES_ERROR;
				CLANG_WARN_DOCUMENTATION_COMMENTS = YES;
				CLANG_WARN_EMPTY_BODY = YES;
				CLANG_WARN_ENUM_CONVERSION = YES;
				CLANG_WARN_INFINITE_RECURSION = YES;
				CLANG_WARN_INT_CONVERSION = YES;
				CLANG_WARN_NON_LITERAL_NULL_CONVERSION = YES;
				CLANG_WARN_OBJC_IMPLICIT_RETAIN_SELF = YES;
				CLANG_WARN_OBJC_LITERAL_CONVERSION = YES;
				CLANG_WARN_OBJC_ROOT_CLASS = YES_ERROR;
				CLANG_WARN_QUOTED_INCLUDE_IN_FRAMEWORK_HEADER = YES;
				CLANG_WARN_RANGE_LOOP_ANALYSIS = YES;
				CLANG_WARN_STRICT_PROTOTYPES = YES;
				CLANG_WARN_SUSPICIOUS_MOVE = YES;
				CLANG_WARN_UNGUARDED_AVAILABILITY = YES_AGGRESSIVE;
				CLANG_WARN_UNREACHABLE_CODE = YES;
				CLANG_WARN__DUPLICATE_METHOD_MATCH = YES;
				COPY_PHASE_STRIP = NO;
				DEBUG_INFORMATION_FORMAT = dwarf;
				ENABLE_STRICT_OBJC_MSGSEND = YES;
				ENABLE_TESTABILITY = YES;
				ENABLE_USER_SCRIPT_SANDBOXING = YES;
				GCC_C_LANGUAGE_STANDARD = gnu17;
				GCC_DYNAMIC_NO_PIC = NO;
				GCC_NO_COMMON_BLOCKS = YES;
				GCC_OPTIMIZATION_LEVEL = 0;
				GCC_PREPROCESSOR_DEFINITIONS = (
					"DEBUG=1",
					"$(inherited)",
				);
				GCC_WARN_64_TO_32_BIT_CONVERSION = YES;
				GCC_WARN_ABOUT_RETURN_TYPE = YES_ERROR;
				GCC_WARN_UNDECLARED_SELECTOR = YES;
				GCC_WARN_UNINITIALIZED_AUTOS = YES_AGGRESSIVE;
				GCC_WARN_UNUSED_FUNCTION = YES;
				GCC_WARN_UNUSED_VARIABLE = YES;
				IPHONEOS_DEPLOYMENT_TARGET = 17.0;
				LOCALIZATION_PREFERS_STRING_CATALOGS = YES;
				MTL_ENABLE_DEBUG_INFO = INCLUDE_SOURCE;
				MTL_FAST_MATH = YES;
				ONLY_ACTIVE_ARCH = YES;
				SDKROOT = iphoneos;
				SWIFT_ACTIVE_COMPILATION_CONDITIONS = "DEBUG $(inherited)";
				SWIFT_OPTIMIZATION_LEVEL = "-Onone";
			};
			name = Debug;
		};
		35D4BDC62B07DAF0000CE117 /* Release */ = {
			isa = XCBuildConfiguration;
			buildSettings = {
				ALWAYS_SEARCH_USER_PATHS = NO;
				ASSETCATALOG_COMPILER_GENERATE_SWIFT_ASSET_SYMBOL_EXTENSIONS = YES;
				CLANG_ANALYZER_NONNULL = YES;
				CLANG_ANALYZER_NUMBER_OBJECT_CONVERSION = YES_AGGRESSIVE;
				CLANG_CXX_LANGUAGE_STANDARD = "gnu++20";
				CLANG_ENABLE_MODULES = YES;
				CLANG_ENABLE_OBJC_ARC = YES;
				CLANG_ENABLE_OBJC_WEAK = YES;
				CLANG_WARN_BLOCK_CAPTURE_AUTORELEASING = YES;
				CLANG_WARN_BOOL_CONVERSION = YES;
				CLANG_WARN_COMMA = YES;
				CLANG_WARN_CONSTANT_CONVERSION = YES;
				CLANG_WARN_DEPRECATED_OBJC_IMPLEMENTATIONS = YES;
				CLANG_WARN_DIRECT_OBJC_ISA_USAGE = YES_ERROR;
				CLANG_WARN_DOCUMENTATION_COMMENTS = YES;
				CLANG_WARN_EMPTY_BODY = YES;
				CLANG_WARN_ENUM_CONVERSION = YES;
				CLANG_WARN_INFINITE_RECURSION = YES;
				CLANG_WARN_INT_CONVERSION = YES;
				CLANG_WARN_NON_LITERAL_NULL_CONVERSION = YES;
				CLANG_WARN_OBJC_IMPLICIT_RETAIN_SELF = YES;
				CLANG_WARN_OBJC_LITERAL_CONVERSION = YES;
				CLANG_WARN_OBJC_ROOT_CLASS = YES_ERROR;
				CLANG_WARN_QUOTED_INCLUDE_IN_FRAMEWORK_HEADER = YES;
				CLANG_WARN_RANGE_LOOP_ANALYSIS = YES;
				CLANG_WARN_STRICT_PROTOTYPES = YES;
				CLANG_WARN_SUSPICIOUS_MOVE = YES;
				CLANG_WARN_UNGUARDED_AVAILABILITY = YES_AGGRESSIVE;
				CLANG_WARN_UNREACHABLE_CODE = YES;
				CLANG_WARN__DUPLICATE_METHOD_MATCH = YES;
				COPY_PHASE_STRIP = NO;
				DEBUG_INFORMATION_FORMAT = "dwarf-with-dsym";
				ENABLE_NS_ASSERTIONS = NO;
				ENABLE_STRICT_OBJC_MSGSEND = YES;
				ENABLE_USER_SCRIPT_SANDBOXING = YES;
				GCC_C_LANGUAGE_STANDARD = gnu17;
				GCC_NO_COMMON_BLOCKS = YES;
				GCC_WARN_64_TO_32_BIT_CONVERSION = YES;
				GCC_WARN_ABOUT_RETURN_TYPE = YES_ERROR;
				GCC_WARN_UNDECLARED_SELECTOR = YES;
				GCC_WARN_UNINITIALIZED_AUTOS = YES_AGGRESSIVE;
				GCC_WARN_UNUSED_FUNCTION = YES;
				GCC_WARN_UNUSED_VARIABLE = YES;
				IPHONEOS_DEPLOYMENT_TARGET = 17.0;
				LOCALIZATION_PREFERS_STRING_CATALOGS = YES;
				MTL_ENABLE_DEBUG_INFO = NO;
				MTL_FAST_MATH = YES;
				SDKROOT = iphoneos;
				SWIFT_COMPILATION_MODE = wholemodule;
				VALIDATE_PRODUCT = YES;
			};
			name = Release;
		};
		35D4BDC82B07DAF0000CE117 /* Debug */ = {
			isa = XCBuildConfiguration;
			baseConfigurationReference = 2EE1E1895DECD55011CECA2E /* Pods-Agricoders.debug.xcconfig */;
			buildSettings = {
				ASSETCATALOG_COMPILER_APPICON_NAME = AppIcon;
				ASSETCATALOG_COMPILER_GLOBAL_ACCENT_COLOR_NAME = AccentColor;
				CODE_SIGN_ENTITLEMENTS = "";
				CODE_SIGN_STYLE = Automatic;
				CURRENT_PROJECT_VERSION = 1;
				DEVELOPMENT_TEAM = R37S426U66;
				ENABLE_USER_SCRIPT_SANDBOXING = NO;
				GENERATE_INFOPLIST_FILE = YES;
				INFOPLIST_FILE = Agricoders/Info.plist;
				INFOPLIST_KEY_UIApplicationSupportsIndirectInputEvents = YES;
				INFOPLIST_KEY_UILaunchStoryboardName = LaunchScreen;
				INFOPLIST_KEY_UIMainStoryboardFile = Main;
				INFOPLIST_KEY_UISupportedInterfaceOrientations_iPad = "UIInterfaceOrientationPortrait UIInterfaceOrientationPortraitUpsideDown UIInterfaceOrientationLandscapeLeft UIInterfaceOrientationLandscapeRight";
				INFOPLIST_KEY_UISupportedInterfaceOrientations_iPhone = "UIInterfaceOrientationPortrait UIInterfaceOrientationLandscapeLeft UIInterfaceOrientationLandscapeRight";
				LD_RUNPATH_SEARCH_PATHS = (
					"$(inherited)",
					"@executable_path/Frameworks",
				);
				MARKETING_VERSION = 1.0;
				PRODUCT_BUNDLE_IDENTIFIER = volnikov.Agricoders;
				PRODUCT_NAME = "$(TARGET_NAME)";
				SWIFT_EMIT_LOC_STRINGS = YES;
				SWIFT_VERSION = 5.0;
				TARGETED_DEVICE_FAMILY = "1,2";
			};
			name = Debug;
		};
		35D4BDC92B07DAF0000CE117 /* Release */ = {
			isa = XCBuildConfiguration;
			baseConfigurationReference = BA1A1A8EE2C6DA333A997F5A /* Pods-Agricoders.release.xcconfig */;
			buildSettings = {
				ASSETCATALOG_COMPILER_APPICON_NAME = AppIcon;
				ASSETCATALOG_COMPILER_GLOBAL_ACCENT_COLOR_NAME = AccentColor;
				CODE_SIGN_ENTITLEMENTS = "";
				CODE_SIGN_STYLE = Automatic;
				CURRENT_PROJECT_VERSION = 1;
				DEVELOPMENT_TEAM = R37S426U66;
				ENABLE_USER_SCRIPT_SANDBOXING = NO;
				GENERATE_INFOPLIST_FILE = YES;
				INFOPLIST_FILE = Agricoders/Info.plist;
				INFOPLIST_KEY_UIApplicationSupportsIndirectInputEvents = YES;
				INFOPLIST_KEY_UILaunchStoryboardName = LaunchScreen;
				INFOPLIST_KEY_UIMainStoryboardFile = Main;
				INFOPLIST_KEY_UISupportedInterfaceOrientations_iPad = "UIInterfaceOrientationPortrait UIInterfaceOrientationPortraitUpsideDown UIInterfaceOrientationLandscapeLeft UIInterfaceOrientationLandscapeRight";
				INFOPLIST_KEY_UISupportedInterfaceOrientations_iPhone = "UIInterfaceOrientationPortrait UIInterfaceOrientationLandscapeLeft UIInterfaceOrientationLandscapeRight";
				LD_RUNPATH_SEARCH_PATHS = (
					"$(inherited)",
					"@executable_path/Frameworks",
				);
				MARKETING_VERSION = 1.0;
				PRODUCT_BUNDLE_IDENTIFIER = volnikov.Agricoders;
				PRODUCT_NAME = "$(TARGET_NAME)";
				SWIFT_EMIT_LOC_STRINGS = YES;
				SWIFT_VERSION = 5.0;
				TARGETED_DEVICE_FAMILY = "1,2";
			};
			name = Release;
		};
/* End XCBuildConfiguration section */

/* Begin XCConfigurationList section */
		35D4BDAE2B07DAED000CE117 /* Build configuration list for PBXProject "Agricoders" */ = {
			isa = XCConfigurationList;
			buildConfigurations = (
				35D4BDC52B07DAF0000CE117 /* Debug */,
				35D4BDC62B07DAF0000CE117 /* Release */,
			);
			defaultConfigurationIsVisible = 0;
			defaultConfigurationName = Release;
		};
		35D4BDC72B07DAF0000CE117 /* Build configuration list for PBXNativeTarget "Agricoders" */ = {
			isa = XCConfigurationList;
			buildConfigurations = (
				35D4BDC82B07DAF0000CE117 /* Debug */,
				35D4BDC92B07DAF0000CE117 /* Release */,
			);
			defaultConfigurationIsVisible = 0;
			defaultConfigurationName = Release;
		};
/* End XCConfigurationList section */
	};
	rootObject = 35D4BDAB2B07DAED000CE117 /* Project object */;
}
